
Microsoft Visual Studio Solution File, Format Version 12.00
# Visual Studio Version 16
VisualStudioVersion = 16.0.30413.136
MinimumVisualStudioVersion = 10.0.40219.1
Project("{9A19103F-16F7-4668-BE54-9A1E7A4F7556}") = "OOP_Model", "OOP-Model\OOP_Model.csproj", "{7A4C74C2-DF33-4663-8D1A-CDD1115E7990}"
EndProject
Project("{9A19103F-16F7-4668-BE54-9A1E7A4F7556}") = "CleanCode", "clean_code\CleanCode.csproj", "{1E7AB2A4-7ECB-426F-B7A6-3F54218E07EB}"
EndProject
Project("{9A19103F-16F7-4668-BE54-9A1E7A4F7556}") = "CleanCode.Utils", "CleanCode.Utils\CleanCode.Utils.csproj", "{B1CF2320-373F-40C9-8785-CDD9CA360F0E}"
EndProject
Project("{9A19103F-16F7-4668-BE54-9A1E7A4F7556}") = "CleanCode.Test", "CleanCode.Test\CleanCode.Test.csproj", "{F7F60867-E1B5-4B7F-AC6E-059037DE2258}"
EndProject
Project("{2150E333-8FDC-42A3-9474-1A3956D46DE8}") = "CleanCodes", "CleanCodes", "{2E6E0378-65EE-4A77-802F-8D5B126CE469}"
EndProject
Project("{9A19103F-16F7-4668-BE54-9A1E7A4F7556}") = "Analyzer", "Analyzer\Analyzer.csproj", "{D443AA8D-5FFA-4430-A2AD-872110D8C61B}"
EndProject
Project("{2150E333-8FDC-42A3-9474-1A3956D46DE8}") = "Python", "Python", "{D60BDD63-8CCF-402A-8326-271013DED20C}"
EndProject
Project("{9A19103F-16F7-4668-BE54-9A1E7A4F7556}") = "Python.Model", "Python.Model\Python.Model.csproj", "{5F7D3732-97CD-4ABA-B312-103169259D28}"
EndProject
Project("{9A19103F-16F7-4668-BE54-9A1E7A4F7556}") = "Python.Antlr", "Python.Antlr\Python.Antlr.csproj", "{F61951C4-C658-47FD-A7BE-3EFCDD6EE3FC}"
EndProject
Project("{9A19103F-16F7-4668-BE54-9A1E7A4F7556}") = "Python.AST.Map", "AST.Map\Python.AST.Map.csproj", "{3485888E-4764-40EB-8038-BDDE3E04E194}"
EndProject
Project("{9A19103F-16F7-4668-BE54-9A1E7A4F7556}") = "Python.AST.Map.Test", "AST.Map.Test\Python.AST.Map.Test.csproj", "{41A49E98-1535-4919-98B1-CB412B1AFA85}"
EndProject
Project("{9A19103F-16F7-4668-BE54-9A1E7A4F7556}") = "Python.Antlr.Test", "Python.Antlr.Test\Python.Antlr.Test.csproj", "{D82BB4A2-D6B3-49EB-82A7-19C327AE57D5}"
EndProject
Project("{9A19103F-16F7-4668-BE54-9A1E7A4F7556}") = "MainApp", "MainApp\MainApp.csproj", "{4F0F943B-445B-47F0-972D-9047186F4124}"
EndProject
Project("{9A19103F-16F7-4668-BE54-9A1E7A4F7556}") = "CodeReviewer.Config", "CodeReviewer.Config\CodeReviewer.Config.csproj", "{E58B2274-5879-43F7-8119-C397DE8FA4DF}"
EndProject
Project("{9A19103F-16F7-4668-BE54-9A1E7A4F7556}") = "PythonIntegratedTest", "PythonIntegratedTest\PythonIntegratedTest.csproj", "{D0E95FAA-9EA4-4BBC-A966-0A04FDD93BC3}"
EndProject
Global
	GlobalSection(SolutionConfigurationPlatforms) = preSolution
		Debug|Any CPU = Debug|Any CPU
		Release|Any CPU = Release|Any CPU
	EndGlobalSection
	GlobalSection(ProjectConfigurationPlatforms) = postSolution
		{7A4C74C2-DF33-4663-8D1A-CDD1115E7990}.Debug|Any CPU.ActiveCfg = Debug|Any CPU
		{7A4C74C2-DF33-4663-8D1A-CDD1115E7990}.Debug|Any CPU.Build.0 = Debug|Any CPU
		{7A4C74C2-DF33-4663-8D1A-CDD1115E7990}.Release|Any CPU.ActiveCfg = Release|Any CPU
		{7A4C74C2-DF33-4663-8D1A-CDD1115E7990}.Release|Any CPU.Build.0 = Release|Any CPU
		{1E7AB2A4-7ECB-426F-B7A6-3F54218E07EB}.Debug|Any CPU.ActiveCfg = Debug|Any CPU
		{1E7AB2A4-7ECB-426F-B7A6-3F54218E07EB}.Debug|Any CPU.Build.0 = Debug|Any CPU
		{1E7AB2A4-7ECB-426F-B7A6-3F54218E07EB}.Release|Any CPU.ActiveCfg = Release|Any CPU
		{1E7AB2A4-7ECB-426F-B7A6-3F54218E07EB}.Release|Any CPU.Build.0 = Release|Any CPU
		{B1CF2320-373F-40C9-8785-CDD9CA360F0E}.Debug|Any CPU.ActiveCfg = Debug|Any CPU
		{B1CF2320-373F-40C9-8785-CDD9CA360F0E}.Debug|Any CPU.Build.0 = Debug|Any CPU
		{B1CF2320-373F-40C9-8785-CDD9CA360F0E}.Release|Any CPU.ActiveCfg = Release|Any CPU
		{B1CF2320-373F-40C9-8785-CDD9CA360F0E}.Release|Any CPU.Build.0 = Release|Any CPU
		{F7F60867-E1B5-4B7F-AC6E-059037DE2258}.Debug|Any CPU.ActiveCfg = Debug|Any CPU
		{F7F60867-E1B5-4B7F-AC6E-059037DE2258}.Debug|Any CPU.Build.0 = Debug|Any CPU
		{F7F60867-E1B5-4B7F-AC6E-059037DE2258}.Release|Any CPU.ActiveCfg = Release|Any CPU
		{F7F60867-E1B5-4B7F-AC6E-059037DE2258}.Release|Any CPU.Build.0 = Release|Any CPU
		{D443AA8D-5FFA-4430-A2AD-872110D8C61B}.Debug|Any CPU.ActiveCfg = Debug|Any CPU
		{D443AA8D-5FFA-4430-A2AD-872110D8C61B}.Debug|Any CPU.Build.0 = Debug|Any CPU
		{D443AA8D-5FFA-4430-A2AD-872110D8C61B}.Release|Any CPU.ActiveCfg = Release|Any CPU
		{D443AA8D-5FFA-4430-A2AD-872110D8C61B}.Release|Any CPU.Build.0 = Release|Any CPU
		{5F7D3732-97CD-4ABA-B312-103169259D28}.Debug|Any CPU.ActiveCfg = Debug|Any CPU
		{5F7D3732-97CD-4ABA-B312-103169259D28}.Debug|Any CPU.Build.0 = Debug|Any CPU
		{5F7D3732-97CD-4ABA-B312-103169259D28}.Release|Any CPU.ActiveCfg = Release|Any CPU
		{5F7D3732-97CD-4ABA-B312-103169259D28}.Release|Any CPU.Build.0 = Release|Any CPU
		{F61951C4-C658-47FD-A7BE-3EFCDD6EE3FC}.Debug|Any CPU.ActiveCfg = Debug|Any CPU
		{F61951C4-C658-47FD-A7BE-3EFCDD6EE3FC}.Debug|Any CPU.Build.0 = Debug|Any CPU
		{F61951C4-C658-47FD-A7BE-3EFCDD6EE3FC}.Release|Any CPU.ActiveCfg = Release|Any CPU
		{F61951C4-C658-47FD-A7BE-3EFCDD6EE3FC}.Release|Any CPU.Build.0 = Release|Any CPU
		{3485888E-4764-40EB-8038-BDDE3E04E194}.Debug|Any CPU.ActiveCfg = Debug|Any CPU
		{3485888E-4764-40EB-8038-BDDE3E04E194}.Debug|Any CPU.Build.0 = Debug|Any CPU
		{3485888E-4764-40EB-8038-BDDE3E04E194}.Release|Any CPU.ActiveCfg = Release|Any CPU
		{3485888E-4764-40EB-8038-BDDE3E04E194}.Release|Any CPU.Build.0 = Release|Any CPU
		{41A49E98-1535-4919-98B1-CB412B1AFA85}.Debug|Any CPU.ActiveCfg = Debug|Any CPU
		{41A49E98-1535-4919-98B1-CB412B1AFA85}.Debug|Any CPU.Build.0 = Debug|Any CPU
		{41A49E98-1535-4919-98B1-CB412B1AFA85}.Release|Any CPU.ActiveCfg = Release|Any CPU
		{41A49E98-1535-4919-98B1-CB412B1AFA85}.Release|Any CPU.Build.0 = Release|Any CPU
		{D82BB4A2-D6B3-49EB-82A7-19C327AE57D5}.Debug|Any CPU.ActiveCfg = Debug|Any CPU
		{D82BB4A2-D6B3-49EB-82A7-19C327AE57D5}.Debug|Any CPU.Build.0 = Debug|Any CPU
		{D82BB4A2-D6B3-49EB-82A7-19C327AE57D5}.Release|Any CPU.ActiveCfg = Release|Any CPU
		{D82BB4A2-D6B3-49EB-82A7-19C327AE57D5}.Release|Any CPU.Build.0 = Release|Any CPU
		{4F0F943B-445B-47F0-972D-9047186F4124}.Debug|Any CPU.ActiveCfg = Debug|Any CPU
		{4F0F943B-445B-47F0-972D-9047186F4124}.Debug|Any CPU.Build.0 = Debug|Any CPU
		{4F0F943B-445B-47F0-972D-9047186F4124}.Release|Any CPU.ActiveCfg = Release|Any CPU
		{4F0F943B-445B-47F0-972D-9047186F4124}.Release|Any CPU.Build.0 = Release|Any CPU
		{E58B2274-5879-43F7-8119-C397DE8FA4DF}.Debug|Any CPU.ActiveCfg = Debug|Any CPU
		{E58B2274-5879-43F7-8119-C397DE8FA4DF}.Debug|Any CPU.Build.0 = Debug|Any CPU
		{E58B2274-5879-43F7-8119-C397DE8FA4DF}.Release|Any CPU.ActiveCfg = Release|Any CPU
		{E58B2274-5879-43F7-8119-C397DE8FA4DF}.Release|Any CPU.Build.0 = Release|Any CPU
		{D0E95FAA-9EA4-4BBC-A966-0A04FDD93BC3}.Debug|Any CPU.ActiveCfg = Debug|Any CPU
		{D0E95FAA-9EA4-4BBC-A966-0A04FDD93BC3}.Debug|Any CPU.Build.0 = Debug|Any CPU
		{D0E95FAA-9EA4-4BBC-A966-0A04FDD93BC3}.Release|Any CPU.ActiveCfg = Release|Any CPU
		{D0E95FAA-9EA4-4BBC-A966-0A04FDD93BC3}.Release|Any CPU.Build.0 = Release|Any CPU
	EndGlobalSection
	GlobalSection(SolutionProperties) = preSolution
		HideSolutionNode = FALSE
	EndGlobalSection
	GlobalSection(NestedProjects) = preSolution
		{1E7AB2A4-7ECB-426F-B7A6-3F54218E07EB} = {2E6E0378-65EE-4A77-802F-8D5B126CE469}
		{B1CF2320-373F-40C9-8785-CDD9CA360F0E} = {2E6E0378-65EE-4A77-802F-8D5B126CE469}
		{F7F60867-E1B5-4B7F-AC6E-059037DE2258} = {2E6E0378-65EE-4A77-802F-8D5B126CE469}
		{5F7D3732-97CD-4ABA-B312-103169259D28} = {D60BDD63-8CCF-402A-8326-271013DED20C}
		{F61951C4-C658-47FD-A7BE-3EFCDD6EE3FC} = {D60BDD63-8CCF-402A-8326-271013DED20C}
		{3485888E-4764-40EB-8038-BDDE3E04E194} = {D60BDD63-8CCF-402A-8326-271013DED20C}
		{41A49E98-1535-4919-98B1-CB412B1AFA85} = {D60BDD63-8CCF-402A-8326-271013DED20C}
		{D82BB4A2-D6B3-49EB-82A7-19C327AE57D5} = {D60BDD63-8CCF-402A-8326-271013DED20C}
		{D0E95FAA-9EA4-4BBC-A966-0A04FDD93BC3} = {D60BDD63-8CCF-402A-8326-271013DED20C}
	EndGlobalSection
	GlobalSection(ExtensibilityGlobals) = postSolution
		SolutionGuid = {464487B8-8150-4078-BFEC-EAEC77A44ABA}
	EndGlobalSection
EndGlobal
